{
  "name": "Aes",
  "lockfileVersion": 2,
  "requires": true,
  "packages": {
    "": {
      "dependencies": {
        "aes": "^0.1.0"
      }
    },
    "node_modules/aes": {
      "version": "0.1.0",
      "resolved": "https://registry.npmjs.org/aes/-/aes-0.1.0.tgz",
      "integrity": "sha512-zoxY6y00WNu5EVioxSm+X1uIcx0EIRGdRPGO+C3RsccQT/JgMHo/GiGfl7ryOTdKuCtbnSHrkthTjPSME2oOjA=="
    }
  },
  "dependencies": {
    "aes": {
      "version": "0.1.0",
      "resolved": "https://registry.npmjs.org/aes/-/aes-0.1.0.tgz",
      "integrity": "sha512-zoxY6y00WNu5EVioxSm+X1uIcx0EIRGdRPGO+C3RsccQT/JgMHo/GiGfl7ryOTdKuCtbnSHrkthTjPSME2oOjA=="
    }
  }
}
